
Microsoft Visual Studio Solution File, Format Version 12.00
# Visual Studio Version 16
VisualStudioVersion = 16.0.31829.152
MinimumVisualStudioVersion = 10.0.40219.1
Project("{FAE04EC0-301F-11D3-BF4B-00C04F79EFBC}") = "Sci-fi Battleship V1.01", "Sci-fi Battleship V1.01\Sci-fi Battleship V1.01.csproj", "{F52EECC9-4680-47F1-AB39-BED735242849}"
EndProject
Project("{FAE04EC0-301F-11D3-BF4B-00C04F79EFBC}") = "Sci-fi Battleship V1.02", "Sci-fi Battleship V1.02\Sci-fi Battleship V1.02.csproj", "{F006724E-A5F8-46DD-8FAE-30141D4E452A}"
EndProject
Project("{FAE04EC0-301F-11D3-BF4B-00C04F79EFBC}") = "Sci-fi Battleship V1.03", "Sci-fi Battleship V1.03\Sci-fi Battleship V1.03.csproj", "{8C3A02B1-D4C9-49E7-AAD7-99A1A3EAE8A2}"
EndProject
Project("{FAE04EC0-301F-11D3-BF4B-00C04F79EFBC}") = "Sci-fi Battleship V1.04", "Sci-fi Battleship V1.04\Sci-fi Battleship V1.04.csproj", "{9F6D08BA-FC40-4420-9F5F-28E4A3C18C20}"
EndProject
Project("{FAE04EC0-301F-11D3-BF4B-00C04F79EFBC}") = "Sci-fi Battleship V1.05", "Sci-fi Battleship V1.05\Sci-fi Battleship V1.05.csproj", "{FB08CCAB-DC9F-498A-8AF5-B6C05C88C264}"
EndProject
Global
	GlobalSection(SolutionConfigurationPlatforms) = preSolution
		Debug|Any CPU = Debug|Any CPU
		Release|Any CPU = Release|Any CPU
	EndGlobalSection
	GlobalSection(ProjectConfigurationPlatforms) = postSolution
		{F52EECC9-4680-47F1-AB39-BED735242849}.Debug|Any CPU.ActiveCfg = Debug|Any CPU
		{F52EECC9-4680-47F1-AB39-BED735242849}.Debug|Any CPU.Build.0 = Debug|Any CPU
		{F52EECC9-4680-47F1-AB39-BED735242849}.Release|Any CPU.ActiveCfg = Release|Any CPU
		{F52EECC9-4680-47F1-AB39-BED735242849}.Release|Any CPU.Build.0 = Release|Any CPU
		{F006724E-A5F8-46DD-8FAE-30141D4E452A}.Debug|Any CPU.ActiveCfg = Debug|Any CPU
		{F006724E-A5F8-46DD-8FAE-30141D4E452A}.Debug|Any CPU.Build.0 = Debug|Any CPU
		{F006724E-A5F8-46DD-8FAE-30141D4E452A}.Release|Any CPU.ActiveCfg = Release|Any CPU
		{F006724E-A5F8-46DD-8FAE-30141D4E452A}.Release|Any CPU.Build.0 = Release|Any CPU
		{8C3A02B1-D4C9-49E7-AAD7-99A1A3EAE8A2}.Debug|Any CPU.ActiveCfg = Debug|Any CPU
		{8C3A02B1-D4C9-49E7-AAD7-99A1A3EAE8A2}.Debug|Any CPU.Build.0 = Debug|Any CPU
		{8C3A02B1-D4C9-49E7-AAD7-99A1A3EAE8A2}.Release|Any CPU.ActiveCfg = Release|Any CPU
		{8C3A02B1-D4C9-49E7-AAD7-99A1A3EAE8A2}.Release|Any CPU.Build.0 = Release|Any CPU
		{9F6D08BA-FC40-4420-9F5F-28E4A3C18C20}.Debug|Any CPU.ActiveCfg = Debug|Any CPU
		{9F6D08BA-FC40-4420-9F5F-28E4A3C18C20}.Debug|Any CPU.Build.0 = Debug|Any CPU
		{9F6D08BA-FC40-4420-9F5F-28E4A3C18C20}.Release|Any CPU.ActiveCfg = Release|Any CPU
		{9F6D08BA-FC40-4420-9F5F-28E4A3C18C20}.Release|Any CPU.Build.0 = Release|Any CPU
		{FB08CCAB-DC9F-498A-8AF5-B6C05C88C264}.Debug|Any CPU.ActiveCfg = Debug|Any CPU
		{FB08CCAB-DC9F-498A-8AF5-B6C05C88C264}.Debug|Any CPU.Build.0 = Debug|Any CPU
		{FB08CCAB-DC9F-498A-8AF5-B6C05C88C264}.Release|Any CPU.ActiveCfg = Release|Any CPU
		{FB08CCAB-DC9F-498A-8AF5-B6C05C88C264}.Release|Any CPU.Build.0 = Release|Any CPU
	EndGlobalSection
	GlobalSection(SolutionProperties) = preSolution
		HideSolutionNode = FALSE
	EndGlobalSection
	GlobalSection(ExtensibilityGlobals) = postSolution
		SolutionGuid = {5D5B890E-9D7C-4B95-86DC-6FE84458503B}
	EndGlobalSection
EndGlobal
